
Microsoft Visual Studio Solution File, Format Version 12.00
# Visual Studio 2013
VisualStudioVersion = 12.0.31101.0
MinimumVisualStudioVersion = 10.0.40219.1
Project("{FAE04EC0-301F-11D3-BF4B-00C04F79EFBC}") = "Checkout.Tests", "Checkout.Tests\Checkout.Tests.csproj", "{D99E393F-0145-4C10-8622-F3C0A0DE2C92}"
EndProject
Project("{FAE04EC0-301F-11D3-BF4B-00C04F79EFBC}") = "Checkout", "Checkout\Checkout.csproj", "{94F34B1C-03D4-4ACE-A60E-42E9C65C9C2C}"
EndProject
Global
	GlobalSection(SolutionConfigurationPlatforms) = preSolution
		Debug|Any CPU = Debug|Any CPU
		Release|Any CPU = Release|Any CPU
	EndGlobalSection
	GlobalSection(ProjectConfigurationPlatforms) = postSolution
		{D99E393F-0145-4C10-8622-F3C0A0DE2C92}.Debug|Any CPU.ActiveCfg = Debug|Any CPU
		{D99E393F-0145-4C10-8622-F3C0A0DE2C92}.Debug|Any CPU.Build.0 = Debug|Any CPU
		{D99E393F-0145-4C10-8622-F3C0A0DE2C92}.Release|Any CPU.ActiveCfg = Release|Any CPU
		{D99E393F-0145-4C10-8622-F3C0A0DE2C92}.Release|Any CPU.Build.0 = Release|Any CPU
		{94F34B1C-03D4-4ACE-A60E-42E9C65C9C2C}.Debug|Any CPU.ActiveCfg = Debug|Any CPU
		{94F34B1C-03D4-4ACE-A60E-42E9C65C9C2C}.Debug|Any CPU.Build.0 = Debug|Any CPU
		{94F34B1C-03D4-4ACE-A60E-42E9C65C9C2C}.Release|Any CPU.ActiveCfg = Release|Any CPU
		{94F34B1C-03D4-4ACE-A60E-42E9C65C9C2C}.Release|Any CPU.Build.0 = Release|Any CPU
	EndGlobalSection
	GlobalSection(SolutionProperties) = preSolution
		HideSolutionNode = FALSE
	EndGlobalSection
EndGlobal
